
Microsoft Visual Studio Solution File, Format Version 12.00
# Visual Studio Version 17
VisualStudioVersion = 17.3.32901.215
MinimumVisualStudioVersion = 10.0.40219.1
Project("{FAE04EC0-301F-11D3-BF4B-00C04F79EFBC}") = "WF_Gestao_Estoque_Gastos", "WF_Gestao_Estoque_Gastos.csproj", "{8FC84BA4-EBCC-4DD3-BB81-5C136F9CB13C}"
EndProject
Global
	GlobalSection(SolutionConfigurationPlatforms) = preSolution
		Debug|Any CPU = Debug|Any CPU
		Release|Any CPU = Release|Any CPU
	EndGlobalSection
	GlobalSection(ProjectConfigurationPlatforms) = postSolution
		{8FC84BA4-EBCC-4DD3-BB81-5C136F9CB13C}.Debug|Any CPU.ActiveCfg = Debug|Any CPU
		{8FC84BA4-EBCC-4DD3-BB81-5C136F9CB13C}.Debug|Any CPU.Build.0 = Debug|Any CPU
		{8FC84BA4-EBCC-4DD3-BB81-5C136F9CB13C}.Release|Any CPU.ActiveCfg = Release|Any CPU
		{8FC84BA4-EBCC-4DD3-BB81-5C136F9CB13C}.Release|Any CPU.Build.0 = Release|Any CPU
	EndGlobalSection
	GlobalSection(SolutionProperties) = preSolution
		HideSolutionNode = FALSE
	EndGlobalSection
	GlobalSection(ExtensibilityGlobals) = postSolution
		SolutionGuid = {05AB8CA9-78B8-4AAB-94EF-1F9AFF2A7CA9}
	EndGlobalSection
EndGlobal
